
Microsoft Visual Studio Solution File, Format Version 12.00
# Visual Studio Version 17
VisualStudioVersion = 17.2.32630.192
MinimumVisualStudioVersion = 10.0.40219.1
Project("{9A19103F-16F7-4668-BE54-9A1E7A4F7556}") = "PaperSquare.Core.Application", "PaperSquare.Core.Application\PaperSquare.Core.Application.csproj", "{C49EBD1C-B66F-4566-8749-1B51D9A5A7F8}"
EndProject
Project("{9A19103F-16F7-4668-BE54-9A1E7A4F7556}") = "PaperSquare.UnitTests", "PaperSquare.UnitTests\PaperSquare.UnitTests.csproj", "{530BCD9D-15B4-4DC8-A748-FD4FE149F042}"
EndProject
Project("{9A19103F-16F7-4668-BE54-9A1E7A4F7556}") = "PaperSquare.IntegrationTest", "PaperSquare.IntegrationTest\PaperSquare.IntegrationTest.csproj", "{83DEDD7A-E9CE-4AB1-968D-F68580C43B0D}"
EndProject
Project("{2150E333-8FDC-42A3-9474-1A3956D46DE8}") = "Tests", "Tests", "{B5F73FFE-3CFA-4B83-B317-3206F23347FC}"
EndProject
Project("{9A19103F-16F7-4668-BE54-9A1E7A4F7556}") = "PaperSquare.API", "PaperSquare.API\PaperSquare.API.csproj", "{2890A5B0-7B27-4AFF-B15C-F56C7EF52333}"
EndProject
Project("{9A19103F-16F7-4668-BE54-9A1E7A4F7556}") = "PaperSquare.Core.Domain", "PaperSquare.Core.Domain\PaperSquare.Core.Domain.csproj", "{7AAC799D-9C08-4351-AD08-43368863D3D3}"
EndProject
Project("{9A19103F-16F7-4668-BE54-9A1E7A4F7556}") = "PaperSquare.Infrastructure.Data", "PaperSquare.Infrastructure.Data\PaperSquare.Infrastructure.Data.csproj", "{F21E30AD-0639-428B-AC2B-9657D704AC94}"
EndProject
Project("{9A19103F-16F7-4668-BE54-9A1E7A4F7556}") = "PaperSquare.Shared", "PaperSquare.Shared\PaperSquare.Shared.csproj", "{D7DCCF1B-E34D-4FFF-94B7-C2B2B1713F0E}"
EndProject
Project("{2150E333-8FDC-42A3-9474-1A3956D46DE8}") = "Src", "Src", "{9B7AD0CE-D792-4AB6-9871-E9BB04B1A72D}"
EndProject
Project("{2150E333-8FDC-42A3-9474-1A3956D46DE8}") = "Core", "Core", "{C5C3FC19-ABBF-4CBA-BDAC-503208AD0865}"
EndProject
Project("{2150E333-8FDC-42A3-9474-1A3956D46DE8}") = "Presentation", "Presentation", "{CF093F09-2270-4E40-8CF7-47CF7B8BA0AB}"
EndProject
Project("{2150E333-8FDC-42A3-9474-1A3956D46DE8}") = "Infrastructure", "Infrastructure", "{10F46F92-0939-4BBD-8E8C-C564E76F9FBF}"
EndProject
Project("{2150E333-8FDC-42A3-9474-1A3956D46DE8}") = "Shared", "Shared", "{70EF3E76-C847-4216-BB07-4B0AECA21E2D}"
EndProject
Project("{2150E333-8FDC-42A3-9474-1A3956D46DE8}") = "Documentation", "Documentation", "{4B7180E4-667D-4332-82C7-E251F22EA6D7}"
	ProjectSection(SolutionItems) = preProject
		Features.md = Features.md
	EndProjectSection
EndProject
Project("{9A19103F-16F7-4668-BE54-9A1E7A4F7556}") = "PaperSquare.Infrastructure.AzureBlobStorage", "PaperSquare.Infrastructure.AzureBlobStorage\PaperSquare.Infrastructure.AzureBlobStorage.csproj", "{7898B8CC-A7B1-4076-AD82-96F1EB0D9E5A}"
EndProject
Project("{9A19103F-16F7-4668-BE54-9A1E7A4F7556}") = "PaperSquare.Infrastructure.MailService", "PaperSquare.Infrastructure.MailService\PaperSquare.Infrastructure.MailService.csproj", "{6BFB58DE-9347-4E38-A48D-F80AEF7D679F}"
EndProject
Global
	GlobalSection(SolutionConfigurationPlatforms) = preSolution
		Debug|Any CPU = Debug|Any CPU
		Release|Any CPU = Release|Any CPU
	EndGlobalSection
	GlobalSection(ProjectConfigurationPlatforms) = postSolution
		{C49EBD1C-B66F-4566-8749-1B51D9A5A7F8}.Debug|Any CPU.ActiveCfg = Debug|Any CPU
		{C49EBD1C-B66F-4566-8749-1B51D9A5A7F8}.Debug|Any CPU.Build.0 = Debug|Any CPU
		{C49EBD1C-B66F-4566-8749-1B51D9A5A7F8}.Release|Any CPU.ActiveCfg = Release|Any CPU
		{C49EBD1C-B66F-4566-8749-1B51D9A5A7F8}.Release|Any CPU.Build.0 = Release|Any CPU
		{530BCD9D-15B4-4DC8-A748-FD4FE149F042}.Debug|Any CPU.ActiveCfg = Debug|Any CPU
		{530BCD9D-15B4-4DC8-A748-FD4FE149F042}.Debug|Any CPU.Build.0 = Debug|Any CPU
		{530BCD9D-15B4-4DC8-A748-FD4FE149F042}.Release|Any CPU.ActiveCfg = Release|Any CPU
		{530BCD9D-15B4-4DC8-A748-FD4FE149F042}.Release|Any CPU.Build.0 = Release|Any CPU
		{83DEDD7A-E9CE-4AB1-968D-F68580C43B0D}.Debug|Any CPU.ActiveCfg = Debug|Any CPU
		{83DEDD7A-E9CE-4AB1-968D-F68580C43B0D}.Debug|Any CPU.Build.0 = Debug|Any CPU
		{83DEDD7A-E9CE-4AB1-968D-F68580C43B0D}.Release|Any CPU.ActiveCfg = Release|Any CPU
		{83DEDD7A-E9CE-4AB1-968D-F68580C43B0D}.Release|Any CPU.Build.0 = Release|Any CPU
		{2890A5B0-7B27-4AFF-B15C-F56C7EF52333}.Debug|Any CPU.ActiveCfg = Debug|Any CPU
		{2890A5B0-7B27-4AFF-B15C-F56C7EF52333}.Debug|Any CPU.Build.0 = Debug|Any CPU
		{2890A5B0-7B27-4AFF-B15C-F56C7EF52333}.Release|Any CPU.ActiveCfg = Release|Any CPU
		{2890A5B0-7B27-4AFF-B15C-F56C7EF52333}.Release|Any CPU.Build.0 = Release|Any CPU
		{7AAC799D-9C08-4351-AD08-43368863D3D3}.Debug|Any CPU.ActiveCfg = Debug|Any CPU
		{7AAC799D-9C08-4351-AD08-43368863D3D3}.Debug|Any CPU.Build.0 = Debug|Any CPU
		{7AAC799D-9C08-4351-AD08-43368863D3D3}.Release|Any CPU.ActiveCfg = Release|Any CPU
		{7AAC799D-9C08-4351-AD08-43368863D3D3}.Release|Any CPU.Build.0 = Release|Any CPU
		{F21E30AD-0639-428B-AC2B-9657D704AC94}.Debug|Any CPU.ActiveCfg = Debug|Any CPU
		{F21E30AD-0639-428B-AC2B-9657D704AC94}.Debug|Any CPU.Build.0 = Debug|Any CPU
		{F21E30AD-0639-428B-AC2B-9657D704AC94}.Release|Any CPU.ActiveCfg = Release|Any CPU
		{F21E30AD-0639-428B-AC2B-9657D704AC94}.Release|Any CPU.Build.0 = Release|Any CPU
		{D7DCCF1B-E34D-4FFF-94B7-C2B2B1713F0E}.Debug|Any CPU.ActiveCfg = Debug|Any CPU
		{D7DCCF1B-E34D-4FFF-94B7-C2B2B1713F0E}.Debug|Any CPU.Build.0 = Debug|Any CPU
		{D7DCCF1B-E34D-4FFF-94B7-C2B2B1713F0E}.Release|Any CPU.ActiveCfg = Release|Any CPU
		{D7DCCF1B-E34D-4FFF-94B7-C2B2B1713F0E}.Release|Any CPU.Build.0 = Release|Any CPU
		{7898B8CC-A7B1-4076-AD82-96F1EB0D9E5A}.Debug|Any CPU.ActiveCfg = Debug|Any CPU
		{7898B8CC-A7B1-4076-AD82-96F1EB0D9E5A}.Debug|Any CPU.Build.0 = Debug|Any CPU
		{7898B8CC-A7B1-4076-AD82-96F1EB0D9E5A}.Release|Any CPU.ActiveCfg = Release|Any CPU
		{7898B8CC-A7B1-4076-AD82-96F1EB0D9E5A}.Release|Any CPU.Build.0 = Release|Any CPU
		{6BFB58DE-9347-4E38-A48D-F80AEF7D679F}.Debug|Any CPU.ActiveCfg = Debug|Any CPU
		{6BFB58DE-9347-4E38-A48D-F80AEF7D679F}.Debug|Any CPU.Build.0 = Debug|Any CPU
		{6BFB58DE-9347-4E38-A48D-F80AEF7D679F}.Release|Any CPU.ActiveCfg = Release|Any CPU
		{6BFB58DE-9347-4E38-A48D-F80AEF7D679F}.Release|Any CPU.Build.0 = Release|Any CPU
	EndGlobalSection
	GlobalSection(SolutionProperties) = preSolution
		HideSolutionNode = FALSE
	EndGlobalSection
	GlobalSection(NestedProjects) = preSolution
		{C49EBD1C-B66F-4566-8749-1B51D9A5A7F8} = {C5C3FC19-ABBF-4CBA-BDAC-503208AD0865}
		{530BCD9D-15B4-4DC8-A748-FD4FE149F042} = {B5F73FFE-3CFA-4B83-B317-3206F23347FC}
		{83DEDD7A-E9CE-4AB1-968D-F68580C43B0D} = {B5F73FFE-3CFA-4B83-B317-3206F23347FC}
		{B5F73FFE-3CFA-4B83-B317-3206F23347FC} = {9B7AD0CE-D792-4AB6-9871-E9BB04B1A72D}
		{2890A5B0-7B27-4AFF-B15C-F56C7EF52333} = {CF093F09-2270-4E40-8CF7-47CF7B8BA0AB}
		{7AAC799D-9C08-4351-AD08-43368863D3D3} = {C5C3FC19-ABBF-4CBA-BDAC-503208AD0865}
		{F21E30AD-0639-428B-AC2B-9657D704AC94} = {10F46F92-0939-4BBD-8E8C-C564E76F9FBF}
		{D7DCCF1B-E34D-4FFF-94B7-C2B2B1713F0E} = {70EF3E76-C847-4216-BB07-4B0AECA21E2D}
		{C5C3FC19-ABBF-4CBA-BDAC-503208AD0865} = {9B7AD0CE-D792-4AB6-9871-E9BB04B1A72D}
		{CF093F09-2270-4E40-8CF7-47CF7B8BA0AB} = {9B7AD0CE-D792-4AB6-9871-E9BB04B1A72D}
		{10F46F92-0939-4BBD-8E8C-C564E76F9FBF} = {9B7AD0CE-D792-4AB6-9871-E9BB04B1A72D}
		{70EF3E76-C847-4216-BB07-4B0AECA21E2D} = {9B7AD0CE-D792-4AB6-9871-E9BB04B1A72D}
		{4B7180E4-667D-4332-82C7-E251F22EA6D7} = {9B7AD0CE-D792-4AB6-9871-E9BB04B1A72D}
		{7898B8CC-A7B1-4076-AD82-96F1EB0D9E5A} = {10F46F92-0939-4BBD-8E8C-C564E76F9FBF}
		{6BFB58DE-9347-4E38-A48D-F80AEF7D679F} = {10F46F92-0939-4BBD-8E8C-C564E76F9FBF}
	EndGlobalSection
	GlobalSection(ExtensibilityGlobals) = postSolution
		SolutionGuid = {1F66A398-BB57-4B7F-84A5-8D9E1156692E}
	EndGlobalSection
EndGlobal
