
Microsoft Visual Studio Solution File, Format Version 12.00
# Visual Studio Version 17
VisualStudioVersion = 17.2.32630.192
MinimumVisualStudioVersion = 10.0.40219.1
Project("{9A19103F-16F7-4668-BE54-9A1E7A4F7556}") = ".\PaperSquare.API", ".\PaperSquare.API\PaperSquare.API.csproj", "{942C9503-C91D-4880-8897-83C064CF3D64}"
EndProject
Project("{9A19103F-16F7-4668-BE54-9A1E7A4F7556}") = ".\PaperSquare.Core.Domain", ".\PaperSquare.Core.Domain\PaperSquare.Core.Domain.csproj", "{0DBCA2EE-FBE3-44C7-AA65-EF3A8BE99191}"
EndProject
Project("{9A19103F-16F7-4668-BE54-9A1E7A4F7556}") = ".\PaperSquare.Infrastructure.Data", ".\PaperSquare.Infrastructure.Data\PaperSquare.Infrastructure.Data.csproj", "{3602F3D4-4418-4832-B95B-10E3BB4CD21E}"
EndProject
Project("{9A19103F-16F7-4668-BE54-9A1E7A4F7556}") = ".\PaperSquare.Core.Application", ".\PaperSquare.Core.Application\PaperSquare.Core.Application.csproj", "{C49EBD1C-B66F-4566-8749-1B51D9A5A7F8}"
EndProject
Project("{9A19103F-16F7-4668-BE54-9A1E7A4F7556}") = ".\PaperSquare.UnitTests", ".\PaperSquare.UnitTests\PaperSquare.UnitTests.csproj", "{530BCD9D-15B4-4DC8-A748-FD4FE149F042}"
EndProject
Project("{9A19103F-16F7-4668-BE54-9A1E7A4F7556}") = ".\PaperSquare.IntegrationTest", ".\PaperSquare.IntegrationTest\PaperSquare.IntegrationTest.csproj", "{83DEDD7A-E9CE-4AB1-968D-F68580C43B0D}"
EndProject
Project("{2150E333-8FDC-42A3-9474-1A3956D46DE8}") = "Tests", "Tests", "{B5F73FFE-3CFA-4B83-B317-3206F23347FC}"
EndProject
Project("{9A19103F-16F7-4668-BE54-9A1E7A4F7556}") = ".\PaperSquare.Shared", ".\PaperSquare.Shared\PaperSquare.Shared.csproj", "{1C1D0B23-BD5D-49DD-88B9-D959537CC61D}"
EndProject
Project("{2150E333-8FDC-42A3-9474-1A3956D46DE8}") = "Src", "Src", "{9B7AD0CE-D792-4AB6-9871-E9BB04B1A72D}"
EndProject
Project("{2150E333-8FDC-42A3-9474-1A3956D46DE8}") = "Core", "Core", "{C5C3FC19-ABBF-4CBA-BDAC-503208AD0865}"
EndProject
Project("{2150E333-8FDC-42A3-9474-1A3956D46DE8}") = "Presentation", "Presentation", "{CF093F09-2270-4E40-8CF7-47CF7B8BA0AB}"
EndProject
Project("{2150E333-8FDC-42A3-9474-1A3956D46DE8}") = "Infrastructure", "Infrastructure", "{10F46F92-0939-4BBD-8E8C-C564E76F9FBF}"
EndProject
Project("{2150E333-8FDC-42A3-9474-1A3956D46DE8}") = "Shared", "Shared", "{70EF3E76-C847-4216-BB07-4B0AECA21E2D}"
EndProject
Project("{2150E333-8FDC-42A3-9474-1A3956D46DE8}") = "Documentation", "Documentation", "{4B7180E4-667D-4332-82C7-E251F22EA6D7}"
	ProjectSection(SolutionItems) = preProject
		Features.md = Features.md
	EndProjectSection
EndProject
Global
	GlobalSection(SolutionConfigurationPlatforms) = preSolution
		Debug|Any CPU = Debug|Any CPU
		Release|Any CPU = Release|Any CPU
	EndGlobalSection
	GlobalSection(ProjectConfigurationPlatforms) = postSolution
		{942C9503-C91D-4880-8897-83C064CF3D64}.Debug|Any CPU.ActiveCfg = Debug|Any CPU
		{942C9503-C91D-4880-8897-83C064CF3D64}.Debug|Any CPU.Build.0 = Debug|Any CPU
		{942C9503-C91D-4880-8897-83C064CF3D64}.Release|Any CPU.ActiveCfg = Release|Any CPU
		{942C9503-C91D-4880-8897-83C064CF3D64}.Release|Any CPU.Build.0 = Release|Any CPU
		{0DBCA2EE-FBE3-44C7-AA65-EF3A8BE99191}.Debug|Any CPU.ActiveCfg = Debug|Any CPU
		{0DBCA2EE-FBE3-44C7-AA65-EF3A8BE99191}.Debug|Any CPU.Build.0 = Debug|Any CPU
		{0DBCA2EE-FBE3-44C7-AA65-EF3A8BE99191}.Release|Any CPU.ActiveCfg = Release|Any CPU
		{0DBCA2EE-FBE3-44C7-AA65-EF3A8BE99191}.Release|Any CPU.Build.0 = Release|Any CPU
		{3602F3D4-4418-4832-B95B-10E3BB4CD21E}.Debug|Any CPU.ActiveCfg = Debug|Any CPU
		{3602F3D4-4418-4832-B95B-10E3BB4CD21E}.Debug|Any CPU.Build.0 = Debug|Any CPU
		{3602F3D4-4418-4832-B95B-10E3BB4CD21E}.Release|Any CPU.ActiveCfg = Release|Any CPU
		{3602F3D4-4418-4832-B95B-10E3BB4CD21E}.Release|Any CPU.Build.0 = Release|Any CPU
		{C49EBD1C-B66F-4566-8749-1B51D9A5A7F8}.Debug|Any CPU.ActiveCfg = Debug|Any CPU
		{C49EBD1C-B66F-4566-8749-1B51D9A5A7F8}.Debug|Any CPU.Build.0 = Debug|Any CPU
		{C49EBD1C-B66F-4566-8749-1B51D9A5A7F8}.Release|Any CPU.ActiveCfg = Release|Any CPU
		{C49EBD1C-B66F-4566-8749-1B51D9A5A7F8}.Release|Any CPU.Build.0 = Release|Any CPU
		{530BCD9D-15B4-4DC8-A748-FD4FE149F042}.Debug|Any CPU.ActiveCfg = Debug|Any CPU
		{530BCD9D-15B4-4DC8-A748-FD4FE149F042}.Debug|Any CPU.Build.0 = Debug|Any CPU
		{530BCD9D-15B4-4DC8-A748-FD4FE149F042}.Release|Any CPU.ActiveCfg = Release|Any CPU
		{530BCD9D-15B4-4DC8-A748-FD4FE149F042}.Release|Any CPU.Build.0 = Release|Any CPU
		{83DEDD7A-E9CE-4AB1-968D-F68580C43B0D}.Debug|Any CPU.ActiveCfg = Debug|Any CPU
		{83DEDD7A-E9CE-4AB1-968D-F68580C43B0D}.Debug|Any CPU.Build.0 = Debug|Any CPU
		{83DEDD7A-E9CE-4AB1-968D-F68580C43B0D}.Release|Any CPU.ActiveCfg = Release|Any CPU
		{83DEDD7A-E9CE-4AB1-968D-F68580C43B0D}.Release|Any CPU.Build.0 = Release|Any CPU
		{1C1D0B23-BD5D-49DD-88B9-D959537CC61D}.Debug|Any CPU.ActiveCfg = Debug|Any CPU
		{1C1D0B23-BD5D-49DD-88B9-D959537CC61D}.Debug|Any CPU.Build.0 = Debug|Any CPU
		{1C1D0B23-BD5D-49DD-88B9-D959537CC61D}.Release|Any CPU.ActiveCfg = Release|Any CPU
		{1C1D0B23-BD5D-49DD-88B9-D959537CC61D}.Release|Any CPU.Build.0 = Release|Any CPU
	EndGlobalSection
	GlobalSection(SolutionProperties) = preSolution
		HideSolutionNode = FALSE
	EndGlobalSection
	GlobalSection(NestedProjects) = preSolution
		{942C9503-C91D-4880-8897-83C064CF3D64} = {CF093F09-2270-4E40-8CF7-47CF7B8BA0AB}
		{0DBCA2EE-FBE3-44C7-AA65-EF3A8BE99191} = {C5C3FC19-ABBF-4CBA-BDAC-503208AD0865}
		{3602F3D4-4418-4832-B95B-10E3BB4CD21E} = {10F46F92-0939-4BBD-8E8C-C564E76F9FBF}
		{C49EBD1C-B66F-4566-8749-1B51D9A5A7F8} = {C5C3FC19-ABBF-4CBA-BDAC-503208AD0865}
		{530BCD9D-15B4-4DC8-A748-FD4FE149F042} = {B5F73FFE-3CFA-4B83-B317-3206F23347FC}
		{83DEDD7A-E9CE-4AB1-968D-F68580C43B0D} = {B5F73FFE-3CFA-4B83-B317-3206F23347FC}
		{B5F73FFE-3CFA-4B83-B317-3206F23347FC} = {9B7AD0CE-D792-4AB6-9871-E9BB04B1A72D}
		{1C1D0B23-BD5D-49DD-88B9-D959537CC61D} = {70EF3E76-C847-4216-BB07-4B0AECA21E2D}
		{C5C3FC19-ABBF-4CBA-BDAC-503208AD0865} = {9B7AD0CE-D792-4AB6-9871-E9BB04B1A72D}
		{CF093F09-2270-4E40-8CF7-47CF7B8BA0AB} = {9B7AD0CE-D792-4AB6-9871-E9BB04B1A72D}
		{10F46F92-0939-4BBD-8E8C-C564E76F9FBF} = {9B7AD0CE-D792-4AB6-9871-E9BB04B1A72D}
		{70EF3E76-C847-4216-BB07-4B0AECA21E2D} = {9B7AD0CE-D792-4AB6-9871-E9BB04B1A72D}
		{4B7180E4-667D-4332-82C7-E251F22EA6D7} = {9B7AD0CE-D792-4AB6-9871-E9BB04B1A72D}
	EndGlobalSection
	GlobalSection(ExtensibilityGlobals) = postSolution
		SolutionGuid = {1F66A398-BB57-4B7F-84A5-8D9E1156692E}
	EndGlobalSection
EndGlobal
