
Microsoft Visual Studio Solution File, Format Version 12.00
# Visual Studio Version 17
VisualStudioVersion = 17.2.32630.192
MinimumVisualStudioVersion = 10.0.40219.1
Project("{9A19103F-16F7-4668-BE54-9A1E7A4F7556}") = "PaperSquare.API", "PaperSquare.API.csproj", "{942C9503-C91D-4880-8897-83C064CF3D64}"
EndProject
Project("{9A19103F-16F7-4668-BE54-9A1E7A4F7556}") = "PaperSquare.Core", "..\PaperSquare.Core\PaperSquare.Core.csproj", "{0DBCA2EE-FBE3-44C7-AA65-EF3A8BE99191}"
EndProject
Project("{9A19103F-16F7-4668-BE54-9A1E7A4F7556}") = "PaperSquare.Data", "..\PaperSquare.Data\PaperSquare.Data.csproj", "{3602F3D4-4418-4832-B95B-10E3BB4CD21E}"
EndProject
Project("{9A19103F-16F7-4668-BE54-9A1E7A4F7556}") = "PaperSquare.Infrastructure", "..\PaperSquare.Infrastructure\PaperSquare.Infrastructure.csproj", "{C49EBD1C-B66F-4566-8749-1B51D9A5A7F8}"
EndProject
Project("{FAE04EC0-301F-11D3-BF4B-00C04F79EFBC}") = "PaperSquare.UnitTests", "..\PaperSquare.UnitTests\PaperSquare.UnitTests.csproj", "{530BCD9D-15B4-4DC8-A748-FD4FE149F042}"
EndProject
Project("{FAE04EC0-301F-11D3-BF4B-00C04F79EFBC}") = "PaperSquare.IntegrationTest", "..\PaperSquare.IntegrationTest\PaperSquare.IntegrationTest.csproj", "{83DEDD7A-E9CE-4AB1-968D-F68580C43B0D}"
EndProject
Global
	GlobalSection(SolutionConfigurationPlatforms) = preSolution
		Debug|Any CPU = Debug|Any CPU
		Release|Any CPU = Release|Any CPU
	EndGlobalSection
	GlobalSection(ProjectConfigurationPlatforms) = postSolution
		{942C9503-C91D-4880-8897-83C064CF3D64}.Debug|Any CPU.ActiveCfg = Debug|Any CPU
		{942C9503-C91D-4880-8897-83C064CF3D64}.Debug|Any CPU.Build.0 = Debug|Any CPU
		{942C9503-C91D-4880-8897-83C064CF3D64}.Release|Any CPU.ActiveCfg = Release|Any CPU
		{942C9503-C91D-4880-8897-83C064CF3D64}.Release|Any CPU.Build.0 = Release|Any CPU
		{0DBCA2EE-FBE3-44C7-AA65-EF3A8BE99191}.Debug|Any CPU.ActiveCfg = Debug|Any CPU
		{0DBCA2EE-FBE3-44C7-AA65-EF3A8BE99191}.Debug|Any CPU.Build.0 = Debug|Any CPU
		{0DBCA2EE-FBE3-44C7-AA65-EF3A8BE99191}.Release|Any CPU.ActiveCfg = Release|Any CPU
		{0DBCA2EE-FBE3-44C7-AA65-EF3A8BE99191}.Release|Any CPU.Build.0 = Release|Any CPU
		{3602F3D4-4418-4832-B95B-10E3BB4CD21E}.Debug|Any CPU.ActiveCfg = Debug|Any CPU
		{3602F3D4-4418-4832-B95B-10E3BB4CD21E}.Debug|Any CPU.Build.0 = Debug|Any CPU
		{3602F3D4-4418-4832-B95B-10E3BB4CD21E}.Release|Any CPU.ActiveCfg = Release|Any CPU
		{3602F3D4-4418-4832-B95B-10E3BB4CD21E}.Release|Any CPU.Build.0 = Release|Any CPU
		{C49EBD1C-B66F-4566-8749-1B51D9A5A7F8}.Debug|Any CPU.ActiveCfg = Debug|Any CPU
		{C49EBD1C-B66F-4566-8749-1B51D9A5A7F8}.Debug|Any CPU.Build.0 = Debug|Any CPU
		{C49EBD1C-B66F-4566-8749-1B51D9A5A7F8}.Release|Any CPU.ActiveCfg = Release|Any CPU
		{C49EBD1C-B66F-4566-8749-1B51D9A5A7F8}.Release|Any CPU.Build.0 = Release|Any CPU
		{530BCD9D-15B4-4DC8-A748-FD4FE149F042}.Debug|Any CPU.ActiveCfg = Debug|Any CPU
		{530BCD9D-15B4-4DC8-A748-FD4FE149F042}.Debug|Any CPU.Build.0 = Debug|Any CPU
		{530BCD9D-15B4-4DC8-A748-FD4FE149F042}.Release|Any CPU.ActiveCfg = Release|Any CPU
		{530BCD9D-15B4-4DC8-A748-FD4FE149F042}.Release|Any CPU.Build.0 = Release|Any CPU
		{83DEDD7A-E9CE-4AB1-968D-F68580C43B0D}.Debug|Any CPU.ActiveCfg = Debug|Any CPU
		{83DEDD7A-E9CE-4AB1-968D-F68580C43B0D}.Debug|Any CPU.Build.0 = Debug|Any CPU
		{83DEDD7A-E9CE-4AB1-968D-F68580C43B0D}.Release|Any CPU.ActiveCfg = Release|Any CPU
		{83DEDD7A-E9CE-4AB1-968D-F68580C43B0D}.Release|Any CPU.Build.0 = Release|Any CPU
	EndGlobalSection
	GlobalSection(SolutionProperties) = preSolution
		HideSolutionNode = FALSE
	EndGlobalSection
	GlobalSection(ExtensibilityGlobals) = postSolution
		SolutionGuid = {1F66A398-BB57-4B7F-84A5-8D9E1156692E}
	EndGlobalSection
EndGlobal
